
Microsoft Visual Studio Solution File, Format Version 12.00
# Visual Studio Version 16
VisualStudioVersion = 16.0.29324.140
MinimumVisualStudioVersion = 10.0.40219.1
Project("{FAE04EC0-301F-11D3-BF4B-00C04F79EFBC}") = "maped", "maped\maped.csproj", "{3F05E40A-24DD-4BB8-BE40-D8E6D80FF8E6}"
EndProject
Project("{FAE04EC0-301F-11D3-BF4B-00C04F79EFBC}") = "translator", "translator\translator.csproj", "{69D35D50-6C1E-4E0B-826C-616B2ABE897C}"
EndProject
Global
	GlobalSection(SolutionConfigurationPlatforms) = preSolution
		Debug|Any CPU = Debug|Any CPU
		Release|Any CPU = Release|Any CPU
	EndGlobalSection
	GlobalSection(ProjectConfigurationPlatforms) = postSolution
		{3F05E40A-24DD-4BB8-BE40-D8E6D80FF8E6}.Debug|Any CPU.ActiveCfg = Debug|Any CPU
		{3F05E40A-24DD-4BB8-BE40-D8E6D80FF8E6}.Debug|Any CPU.Build.0 = Debug|Any CPU
		{3F05E40A-24DD-4BB8-BE40-D8E6D80FF8E6}.Release|Any CPU.ActiveCfg = Release|Any CPU
		{3F05E40A-24DD-4BB8-BE40-D8E6D80FF8E6}.Release|Any CPU.Build.0 = Release|Any CPU
		{69D35D50-6C1E-4E0B-826C-616B2ABE897C}.Debug|Any CPU.ActiveCfg = Debug|Any CPU
		{69D35D50-6C1E-4E0B-826C-616B2ABE897C}.Debug|Any CPU.Build.0 = Debug|Any CPU
		{69D35D50-6C1E-4E0B-826C-616B2ABE897C}.Release|Any CPU.ActiveCfg = Release|Any CPU
		{69D35D50-6C1E-4E0B-826C-616B2ABE897C}.Release|Any CPU.Build.0 = Release|Any CPU
	EndGlobalSection
	GlobalSection(SolutionProperties) = preSolution
		HideSolutionNode = FALSE
	EndGlobalSection
	GlobalSection(ExtensibilityGlobals) = postSolution
		SolutionGuid = {04337EEB-66CF-4103-BED0-01FE8F79062B}
	EndGlobalSection
EndGlobal
